
Microsoft Visual Studio Solution File, Format Version 12.00
# Visual Studio Version 16
VisualStudioVersion = 16.0.31729.503
MinimumVisualStudioVersion = 10.0.40219.1
Project("{8BC9CEB8-8B4A-11D0-8D11-00A0C91BC942}") = "ConsoleApplication1", "ConsoleApplication1\ConsoleApplication1.vcxproj", "{D54B11A0-C0B6-4F98-9CC3-15DAC2E31A80}"
EndProject
Project("{FAE04EC0-301F-11D3-BF4B-00C04F79EFBC}") = "ConsoleApp1", "ConsoleApp1\ConsoleApp1.csproj", "{AB092490-AED4-46CA-A6CE-316D9B4CABDE}"
EndProject
Project("{F184B08F-C81C-45F6-A57F-5ABD9991F28F}") = "ConsoleApp2", "ConsoleApp2\ConsoleApp2.vbproj", "{1AB0C772-8D4C-4765-BD47-6329BF11E689}"
EndProject
Global
	GlobalSection(SolutionConfigurationPlatforms) = preSolution
		Debug|Any CPU = Debug|Any CPU
		Debug|x64 = Debug|x64
		Debug|x86 = Debug|x86
		Release|Any CPU = Release|Any CPU
		Release|x64 = Release|x64
		Release|x86 = Release|x86
	EndGlobalSection
	GlobalSection(ProjectConfigurationPlatforms) = postSolution
		{D54B11A0-C0B6-4F98-9CC3-15DAC2E31A80}.Debug|Any CPU.ActiveCfg = Debug|Win32
		{D54B11A0-C0B6-4F98-9CC3-15DAC2E31A80}.Debug|x64.ActiveCfg = Debug|x64
		{D54B11A0-C0B6-4F98-9CC3-15DAC2E31A80}.Debug|x64.Build.0 = Debug|x64
		{D54B11A0-C0B6-4F98-9CC3-15DAC2E31A80}.Debug|x86.ActiveCfg = Debug|Win32
		{D54B11A0-C0B6-4F98-9CC3-15DAC2E31A80}.Debug|x86.Build.0 = Debug|Win32
		{D54B11A0-C0B6-4F98-9CC3-15DAC2E31A80}.Release|Any CPU.ActiveCfg = Release|Win32
		{D54B11A0-C0B6-4F98-9CC3-15DAC2E31A80}.Release|x64.ActiveCfg = Release|x64
		{D54B11A0-C0B6-4F98-9CC3-15DAC2E31A80}.Release|x64.Build.0 = Release|x64
		{D54B11A0-C0B6-4F98-9CC3-15DAC2E31A80}.Release|x86.ActiveCfg = Release|Win32
		{D54B11A0-C0B6-4F98-9CC3-15DAC2E31A80}.Release|x86.Build.0 = Release|Win32
		{AB092490-AED4-46CA-A6CE-316D9B4CABDE}.Debug|Any CPU.ActiveCfg = Debug|Any CPU
		{AB092490-AED4-46CA-A6CE-316D9B4CABDE}.Debug|Any CPU.Build.0 = Debug|Any CPU
		{AB092490-AED4-46CA-A6CE-316D9B4CABDE}.Debug|x64.ActiveCfg = Debug|Any CPU
		{AB092490-AED4-46CA-A6CE-316D9B4CABDE}.Debug|x64.Build.0 = Debug|Any CPU
		{AB092490-AED4-46CA-A6CE-316D9B4CABDE}.Debug|x86.ActiveCfg = Debug|Any CPU
		{AB092490-AED4-46CA-A6CE-316D9B4CABDE}.Debug|x86.Build.0 = Debug|Any CPU
		{AB092490-AED4-46CA-A6CE-316D9B4CABDE}.Release|Any CPU.ActiveCfg = Release|Any CPU
		{AB092490-AED4-46CA-A6CE-316D9B4CABDE}.Release|Any CPU.Build.0 = Release|Any CPU
		{AB092490-AED4-46CA-A6CE-316D9B4CABDE}.Release|x64.ActiveCfg = Release|Any CPU
		{AB092490-AED4-46CA-A6CE-316D9B4CABDE}.Release|x64.Build.0 = Release|Any CPU
		{AB092490-AED4-46CA-A6CE-316D9B4CABDE}.Release|x86.ActiveCfg = Release|Any CPU
		{AB092490-AED4-46CA-A6CE-316D9B4CABDE}.Release|x86.Build.0 = Release|Any CPU
		{1AB0C772-8D4C-4765-BD47-6329BF11E689}.Debug|Any CPU.ActiveCfg = Debug|Any CPU
		{1AB0C772-8D4C-4765-BD47-6329BF11E689}.Debug|Any CPU.Build.0 = Debug|Any CPU
		{1AB0C772-8D4C-4765-BD47-6329BF11E689}.Debug|x64.ActiveCfg = Debug|Any CPU
		{1AB0C772-8D4C-4765-BD47-6329BF11E689}.Debug|x64.Build.0 = Debug|Any CPU
		{1AB0C772-8D4C-4765-BD47-6329BF11E689}.Debug|x86.ActiveCfg = Debug|Any CPU
		{1AB0C772-8D4C-4765-BD47-6329BF11E689}.Debug|x86.Build.0 = Debug|Any CPU
		{1AB0C772-8D4C-4765-BD47-6329BF11E689}.Release|Any CPU.ActiveCfg = Release|Any CPU
		{1AB0C772-8D4C-4765-BD47-6329BF11E689}.Release|Any CPU.Build.0 = Release|Any CPU
		{1AB0C772-8D4C-4765-BD47-6329BF11E689}.Release|x64.ActiveCfg = Release|Any CPU
		{1AB0C772-8D4C-4765-BD47-6329BF11E689}.Release|x64.Build.0 = Release|Any CPU
		{1AB0C772-8D4C-4765-BD47-6329BF11E689}.Release|x86.ActiveCfg = Release|Any CPU
		{1AB0C772-8D4C-4765-BD47-6329BF11E689}.Release|x86.Build.0 = Release|Any CPU
	EndGlobalSection
	GlobalSection(SolutionProperties) = preSolution
		HideSolutionNode = FALSE
	EndGlobalSection
	GlobalSection(ExtensibilityGlobals) = postSolution
		SolutionGuid = {D506AD6D-CACA-455F-8F19-B694D9A3CEE4}
	EndGlobalSection
EndGlobal
